# This file was autogenerated by Stack.
# You should not edit this file by hand.
# For more information, please see the documentation at:
#   https://docs.haskellstack.org/en/stable/lock_files

packages:
- completed:
    hackage: heaps-0.4@sha256:66b19fcd813b0e4db3e0bac541bd46606c3b13d3d081d9f9666f4be0f5ff14b8,1410
    pantry-tree:
      size: 376
      sha256: 8397dc92c6eb4581b2f8235c2fe2f49c0e9ece6ce4cef5748e4cccbf0844469e
  original:
    hackage: heaps-0.4
snapshots:
- completed:
    size: 567037
    url: https://raw.githubusercontent.com/commercialhaskell/stackage-snapshots/master/lts/17/9.yaml
    sha256: d7d8d5106e53d1669964bd8bd2b0f88a5ad192d772f5376384b76738fd992311
  original:
    url: https://raw.githubusercontent.com/commercialhaskell/stackage-snapshots/master/lts/17/9.yaml
